schema: '2.0'
stages:
  train:
    cmd: python main_pipeline.py --config configs/train_config.yaml
    deps:
    - path: configs/train_config.yaml
      hash: md5
      md5: 287538a97060869fe0c91e2f75e959ef
      size: 1152
    - path: data/raw/
      hash: md5
      md5: 75a1fc806a03a195fd4b48b71d543f16.dir
      size: 783664270
      nfiles: 5
    outs:
    - path: models/catclf.pkl
      hash: md5
      md5: 0560a4c180cdc58e20b706f8221398e3
      size: 19390
    - path: models/metrics.json
      hash: md5
      md5: 921606f644e2856c4a922916030080d7
      size: 168
