schema: '2.0'
stages:
  train:
    cmd: python main_pipeline.py --config configs/train_config.yaml
    deps:
    - path: configs/train_config.yaml
      hash: md5
      md5: f7373b3daea333e5ac8cbfd088330d48
      size: 1152
    - path: data/raw/
      hash: md5
      md5: 75a1fc806a03a195fd4b48b71d543f16.dir
      size: 783664270
      nfiles: 5
    outs:
    - path: models/catclf.pkl
      hash: md5
      md5: 16ea31fca70a28344ea4b933131f46fa
      size: 36606
    - path: models/metrics.json
      hash: md5
      md5: af230743743bb2b0f176f63c08977ccf
      size: 165
